
Microsoft Visual Studio Solution File, Format Version 12.00
# Visual Studio Version 17
VisualStudioVersion = 17.5.002.0
MinimumVisualStudioVersion = 10.0.40219.1
Project("{9A19103F-16F7-4668-BE54-9A1E7A4F7556}") = "Module7Challenge", "Module7Challenge\Module7Challenge.csproj", "{B1AF62C5-2790-484B-850E-9446A79FAA9A}"
EndProject
Global
	GlobalSection(SolutionConfigurationPlatforms) = preSolution
		Debug|Any CPU = Debug|Any CPU
		Release|Any CPU = Release|Any CPU
	EndGlobalSection
	GlobalSection(ProjectConfigurationPlatforms) = postSolution
		{B1AF62C5-2790-484B-850E-9446A79FAA9A}.Debug|Any CPU.ActiveCfg = Debug|Any CPU
		{B1AF62C5-2790-484B-850E-9446A79FAA9A}.Debug|Any CPU.Build.0 = Debug|Any CPU
		{B1AF62C5-2790-484B-850E-9446A79FAA9A}.Release|Any CPU.ActiveCfg = Release|Any CPU
		{B1AF62C5-2790-484B-850E-9446A79FAA9A}.Release|Any CPU.Build.0 = Release|Any CPU
	EndGlobalSection
	GlobalSection(SolutionProperties) = preSolution
		HideSolutionNode = FALSE
	EndGlobalSection
	GlobalSection(ExtensibilityGlobals) = postSolution
		SolutionGuid = {2BCE26EE-671E-4B54-9CF5-7EE4AA142292}
	EndGlobalSection
EndGlobal
